// !$*UTF8*$!
{
	archiveVersion = 1;
	classes = {
	};
	objectVersion = 55;
	objects = {

/* Begin PBXBuildFile section */
		302875AD27CCFFD800D4E467 /* SearchView.swift in Sources */ = {isa = PBXBuildFile; fileRef = 302875AC27CCFFD800D4E467 /* SearchView.swift */; };
		302875AF27CCFFEE00D4E467 /* SearchViewController.swift in Sources */ = {isa = PBXBuildFile; fileRef = 302875AE27CCFFEE00D4E467 /* SearchViewController.swift */; };
		3038CD4427CB957500BA3335 /* ProfileView.swift in Sources */ = {isa = PBXBuildFile; fileRef = 3038CD4327CB957500BA3335 /* ProfileView.swift */; };
		3038CD4627CB9B9200BA3335 /* DogSetupView.swift in Sources */ = {isa = PBXBuildFile; fileRef = 3038CD4527CB9B9200BA3335 /* DogSetupView.swift */; };
		3063E79E2796F2CD004E0DB1 /* DogSetupViewController.swift in Sources */ = {isa = PBXBuildFile; fileRef = 3063E79D2796F2CD004E0DB1 /* DogSetupViewController.swift */; };
		307584BB27CF480B008198B6 /* UIImage.swift in Sources */ = {isa = PBXBuildFile; fileRef = 307584BA27CF480B008198B6 /* UIImage.swift */; };
		307584BD27CF4AA9008198B6 /* DogSearchTableViewCell.swift in Sources */ = {isa = PBXBuildFile; fileRef = 307584BC27CF4AA9008198B6 /* DogSearchTableViewCell.swift */; };
		307E9DB427932EB900333874 /* AppDelegate.swift in Sources */ = {isa = PBXBuildFile; fileRef = 307E9DB327932EB900333874 /* AppDelegate.swift */; };
		307E9DB827932EB900333874 /* SignInViewController.swift in Sources */ = {isa = PBXBuildFile; fileRef = 307E9DB727932EB900333874 /* SignInViewController.swift */; };
		307E9DBB27932EB900333874 /* Main.storyboard in Resources */ = {isa = PBXBuildFile; fileRef = 307E9DB927932EB900333874 /* Main.storyboard */; };
		307E9DBD27932EBB00333874 /* Assets.xcassets in Resources */ = {isa = PBXBuildFile; fileRef = 307E9DBC27932EBB00333874 /* Assets.xcassets */; };
		307E9DC027932EBB00333874 /* LaunchScreen.storyboard in Resources */ = {isa = PBXBuildFile; fileRef = 307E9DBE27932EBB00333874 /* LaunchScreen.storyboard */; };
		307E9DC82793318600333874 /* GoogleService-Info.plist in Resources */ = {isa = PBXBuildFile; fileRef = 307E9DC72793318600333874 /* GoogleService-Info.plist */; };
		307E9DCB2793327600333874 /* FirebaseAnalytics in Frameworks */ = {isa = PBXBuildFile; productRef = 307E9DCA2793327600333874 /* FirebaseAnalytics */; };
		307E9DCD2793327600333874 /* FirebaseAuth in Frameworks */ = {isa = PBXBuildFile; productRef = 307E9DCC2793327600333874 /* FirebaseAuth */; };
		307E9DCF2793327600333874 /* FirebaseDatabase in Frameworks */ = {isa = PBXBuildFile; productRef = 307E9DCE2793327600333874 /* FirebaseDatabase */; };
		307E9DD12793327600333874 /* FirebaseFirestore in Frameworks */ = {isa = PBXBuildFile; productRef = 307E9DD02793327600333874 /* FirebaseFirestore */; };
		307E9DD32793E86A00333874 /* RegistrationViewController.swift in Sources */ = {isa = PBXBuildFile; fileRef = 307E9DD22793E86A00333874 /* RegistrationViewController.swift */; };
		307E9DD92793F38000333874 /* Localizable.strings in Resources */ = {isa = PBXBuildFile; fileRef = 307E9DDB2793F38000333874 /* Localizable.strings */; };
		307E9DE32793FA9700333874 /* ProfileViewController.swift in Sources */ = {isa = PBXBuildFile; fileRef = 307E9DE22793FA9700333874 /* ProfileViewController.swift */; };
		307E9DE5279402E100333874 /* APIManager.swift in Sources */ = {isa = PBXBuildFile; fileRef = 307E9DE4279402E100333874 /* APIManager.swift */; };
		307E9DED27940B5300333874 /* DogsModel.swift in Sources */ = {isa = PBXBuildFile; fileRef = 307E9DEC27940B5300333874 /* DogsModel.swift */; };
		307E9DFD2794331000333874 /* DogViewCell.swift in Sources */ = {isa = PBXBuildFile; fileRef = 307E9DFB2794331000333874 /* DogViewCell.swift */; };
		307E9DFE2794331000333874 /* DogViewCell.xib in Resources */ = {isa = PBXBuildFile; fileRef = 307E9DFC2794331000333874 /* DogViewCell.xib */; };
		307E9E0D2795595800333874 /* headerView.swift in Sources */ = {isa = PBXBuildFile; fileRef = 307E9E0C2795595800333874 /* headerView.swift */; };
		307E9E0F2795598B00333874 /* headerView.xib in Resources */ = {isa = PBXBuildFile; fileRef = 307E9E0E2795598A00333874 /* headerView.xib */; };
		308B7B2127B4DDA200FD156C /* RegistrationView.swift in Sources */ = {isa = PBXBuildFile; fileRef = 308B7B2027B4DDA200FD156C /* RegistrationView.swift */; };
		30EA499327B3B1D7005F0AC0 /* SignInView.swift in Sources */ = {isa = PBXBuildFile; fileRef = 30EA499227B3B1D6005F0AC0 /* SignInView.swift */; };
/* End PBXBuildFile section */

/* Begin PBXFileReference section */
		302875AC27CCFFD800D4E467 /* SearchView.swift */ = {isa = PBXFileReference; lastKnownFileType = sourcecode.swift; path = SearchView.swift; sourceTree = "<group>"; };
		302875AE27CCFFEE00D4E467 /* SearchViewController.swift */ = {isa = PBXFileReference; lastKnownFileType = sourcecode.swift; path = SearchViewController.swift; sourceTree = "<group>"; };
		3038CD4327CB957500BA3335 /* ProfileView.swift */ = {isa = PBXFileReference; lastKnownFileType = sourcecode.swift; path = ProfileView.swift; sourceTree = "<group>"; };
		3038CD4527CB9B9200BA3335 /* DogSetupView.swift */ = {isa = PBXFileReference; lastKnownFileType = sourcecode.swift; path = DogSetupView.swift; sourceTree = "<group>"; };
		3063E79D2796F2CD004E0DB1 /* DogSetupViewController.swift */ = {isa = PBXFileReference; lastKnownFileType = sourcecode.swift; path = DogSetupViewController.swift; sourceTree = "<group>"; };
		307584BA27CF480B008198B6 /* UIImage.swift */ = {isa = PBXFileReference; lastKnownFileType = sourcecode.swift; path = UIImage.swift; sourceTree = "<group>"; };
		307584BC27CF4AA9008198B6 /* DogSearchTableViewCell.swift */ = {isa = PBXFileReference; lastKnownFileType = sourcecode.swift; path = DogSearchTableViewCell.swift; sourceTree = "<group>"; };
		307E9DB027932EB900333874 /* WWOF.app */ = {isa = PBXFileReference; explicitFileType = wrapper.application; includeInIndex = 0; path = WWOF.app; sourceTree = BUILT_PRODUCTS_DIR; };
		307E9DB327932EB900333874 /* AppDelegate.swift */ = {isa = PBXFileReference; lastKnownFileType = sourcecode.swift; path = AppDelegate.swift; sourceTree = "<group>"; };
		307E9DB727932EB900333874 /* SignInViewController.swift */ = {isa = PBXFileReference; lastKnownFileType = sourcecode.swift; path = SignInViewController.swift; sourceTree = "<group>"; };
		307E9DBC27932EBB00333874 /* Assets.xcassets */ = {isa = PBXFileReference; lastKnownFileType = folder.assetcatalog; path = Assets.xcassets; sourceTree = "<group>"; };
		307E9DC127932EBB00333874 /* Info.plist */ = {isa = PBXFileReference; lastKnownFileType = text.plist.xml; path = Info.plist; sourceTree = "<group>"; };
		307E9DC72793318600333874 /* GoogleService-Info.plist */ = {isa = PBXFileReference; fileEncoding = 4; lastKnownFileType = text.plist.xml; path = "GoogleService-Info.plist"; sourceTree = "<group>"; };
		307E9DD22793E86A00333874 /* RegistrationViewController.swift */ = {isa = PBXFileReference; lastKnownFileType = sourcecode.swift; path = RegistrationViewController.swift; sourceTree = "<group>"; };
		307E9DDA2793F38000333874 /* en */ = {isa = PBXFileReference; lastKnownFileType = text.plist.strings; name = en; path = en.lproj/Localizable.strings; sourceTree = "<group>"; };
		307E9DDC2793F3C800333874 /* ru */ = {isa = PBXFileReference; lastKnownFileType = text.plist.strings; name = ru; path = ru.lproj/Localizable.strings; sourceTree = "<group>"; };
		307E9DDF2793F7EE00333874 /* Base */ = {isa = PBXFileReference; lastKnownFileType = file.storyboard; name = Base; path = Base.lproj/Main.storyboard; sourceTree = "<group>"; };
		307E9DE02793F7EE00333874 /* Base */ = {isa = PBXFileReference; lastKnownFileType = file.storyboard; name = Base; path = Base.lproj/LaunchScreen.storyboard; sourceTree = "<group>"; };
		307E9DE22793FA9700333874 /* ProfileViewController.swift */ = {isa = PBXFileReference; lastKnownFileType = sourcecode.swift; path = ProfileViewController.swift; sourceTree = "<group>"; };
		307E9DE4279402E100333874 /* APIManager.swift */ = {isa = PBXFileReference; lastKnownFileType = sourcecode.swift; path = APIManager.swift; sourceTree = "<group>"; };
		307E9DEC27940B5300333874 /* DogsModel.swift */ = {isa = PBXFileReference; lastKnownFileType = sourcecode.swift; path = DogsModel.swift; sourceTree = "<group>"; };
		307E9DFB2794331000333874 /* DogViewCell.swift */ = {isa = PBXFileReference; lastKnownFileType = sourcecode.swift; path = DogViewCell.swift; sourceTree = "<group>"; };
		307E9DFC2794331000333874 /* DogViewCell.xib */ = {isa = PBXFileReference; lastKnownFileType = file.xib; path = DogViewCell.xib; sourceTree = "<group>"; };
		307E9E0C2795595800333874 /* headerView.swift */ = {isa = PBXFileReference; lastKnownFileType = sourcecode.swift; path = headerView.swift; sourceTree = "<group>"; };
		307E9E0E2795598A00333874 /* headerView.xib */ = {isa = PBXFileReference; lastKnownFileType = file.xib; path = headerView.xib; sourceTree = "<group>"; };
		308B7B2027B4DDA200FD156C /* RegistrationView.swift */ = {isa = PBXFileReference; lastKnownFileType = sourcecode.swift; path = RegistrationView.swift; sourceTree = "<group>"; };
		30EA499227B3B1D6005F0AC0 /* SignInView.swift */ = {isa = PBXFileReference; lastKnownFileType = sourcecode.swift; path = SignInView.swift; sourceTree = "<group>"; };
/* End PBXFileReference section */

/* Begin PBXFrameworksBuildPhase section */
		307E9DAD27932EB900333874 /* Frameworks */ = {
			isa = PBXFrameworksBuildPhase;
			buildActionMask = 2147483647;
			files = (
				307E9DCF2793327600333874 /* FirebaseDatabase in Frameworks */,
				307E9DD12793327600333874 /* FirebaseFirestore in Frameworks */,
				307E9DCB2793327600333874 /* FirebaseAnalytics in Frameworks */,
				307E9DCD2793327600333874 /* FirebaseAuth in Frameworks */,
			);
			runOnlyForDeploymentPostprocessing = 0;
		};
/* End PBXFrameworksBuildPhase section */

/* Begin PBXGroup section */
		307E9DA727932EB900333874 = {
			isa = PBXGroup;
			children = (
				307E9DB227932EB900333874 /* WWOF */,
				307E9DB127932EB900333874 /* Products */,
			);
			sourceTree = "<group>";
		};
		307E9DB127932EB900333874 /* Products */ = {
			isa = PBXGroup;
			children = (
				307E9DB027932EB900333874 /* WWOF.app */,
			);
			name = Products;
			sourceTree = "<group>";
		};
		307E9DB227932EB900333874 /* WWOF */ = {
			isa = PBXGroup;
			children = (
				30EA498927B38C4A005F0AC0 /* Sources */,
				30EA498A27B38C67005F0AC0 /* Resources */,
				307E9DE4279402E100333874 /* APIManager.swift */,
			);
			path = WWOF;
			sourceTree = "<group>";
		};
		307E9DF2279410FF00333874 /* DogCell */ = {
			isa = PBXGroup;
			children = (
				307E9DFB2794331000333874 /* DogViewCell.swift */,
				307E9DFC2794331000333874 /* DogViewCell.xib */,
			);
			path = DogCell;
			sourceTree = "<group>";
		};
		307E9E07279553BF00333874 /* header view */ = {
			isa = PBXGroup;
			children = (
				307E9E0C2795595800333874 /* headerView.swift */,
				307E9E0E2795598A00333874 /* headerView.xib */,
			);
			path = "header view";
			sourceTree = "<group>";
		};
		30EA498927B38C4A005F0AC0 /* Sources */ = {
			isa = PBXGroup;
			children = (
				30EA498D27B38D21005F0AC0 /* Extensions */,
				30EA498C27B38D0D005F0AC0 /* Scenes */,
				30EA498B27B38CFE005F0AC0 /* App */,
			);
			path = Sources;
			sourceTree = "<group>";
		};
		30EA498A27B38C67005F0AC0 /* Resources */ = {
			isa = PBXGroup;
			children = (
				307E9DB927932EB900333874 /* Main.storyboard */,
				307E9DBC27932EBB00333874 /* Assets.xcassets */,
				307E9DBE27932EBB00333874 /* LaunchScreen.storyboard */,
				307E9DC127932EBB00333874 /* Info.plist */,
				307E9DC72793318600333874 /* GoogleService-Info.plist */,
				307E9DDB2793F38000333874 /* Localizable.strings */,
			);
			path = Resources;
			sourceTree = "<group>";
		};
		30EA498B27B38CFE005F0AC0 /* App */ = {
			isa = PBXGroup;
			children = (
				307E9DB327932EB900333874 /* AppDelegate.swift */,
			);
			path = App;
			sourceTree = "<group>";
		};
		30EA498C27B38D0D005F0AC0 /* Scenes */ = {
			isa = PBXGroup;
			children = (
				30EA499127B38D48005F0AC0 /* Model */,
				30EA499027B38D42005F0AC0 /* View */,
				30EA498F27B38D3A005F0AC0 /* Controller */,
			);
			path = Scenes;
			sourceTree = "<group>";
		};
		30EA498D27B38D21005F0AC0 /* Extensions */ = {
			isa = PBXGroup;
			children = (
				307584BA27CF480B008198B6 /* UIImage.swift */,
			);
			path = Extensions;
			sourceTree = "<group>";
		};
		30EA498F27B38D3A005F0AC0 /* Controller */ = {
			isa = PBXGroup;
			children = (
				307E9DB727932EB900333874 /* SignInViewController.swift */,
				307E9DD22793E86A00333874 /* RegistrationViewController.swift */,
				307E9DE22793FA9700333874 /* ProfileViewController.swift */,
				3063E79D2796F2CD004E0DB1 /* DogSetupViewController.swift */,
				302875AE27CCFFEE00D4E467 /* SearchViewController.swift */,
			);
			path = Controller;
			sourceTree = "<group>";
		};
		30EA499027B38D42005F0AC0 /* View */ = {
			isa = PBXGroup;
			children = (
				30EA499227B3B1D6005F0AC0 /* SignInView.swift */,
				308B7B2027B4DDA200FD156C /* RegistrationView.swift */,
				3038CD4327CB957500BA3335 /* ProfileView.swift */,
				3038CD4527CB9B9200BA3335 /* DogSetupView.swift */,
				307E9E07279553BF00333874 /* header view */,
				307E9DF2279410FF00333874 /* DogCell */,
				302875AC27CCFFD800D4E467 /* SearchView.swift */,
				307584BC27CF4AA9008198B6 /* DogSearchTableViewCell.swift */,
			);
			path = View;
			sourceTree = "<group>";
		};
		30EA499127B38D48005F0AC0 /* Model */ = {
			isa = PBXGroup;
			children = (
				307E9DEC27940B5300333874 /* DogsModel.swift */,
			);
			path = Model;
			sourceTree = "<group>";
		};
/* End PBXGroup section */

/* Begin PBXNativeTarget section */
		307E9DAF27932EB900333874 /* WWOF */ = {
			isa = PBXNativeTarget;
			buildConfigurationList = 307E9DC427932EBB00333874 /* Build configuration list for PBXNativeTarget "WWOF" */;
			buildPhases = (
				307E9DAC27932EB900333874 /* Sources */,
				307E9DAD27932EB900333874 /* Frameworks */,
				307E9DAE27932EB900333874 /* Resources */,
			);
			buildRules = (
			);
			dependencies = (
			);
			name = WWOF;
			packageProductDependencies = (
				307E9DCA2793327600333874 /* FirebaseAnalytics */,
				307E9DCC2793327600333874 /* FirebaseAuth */,
				307E9DCE2793327600333874 /* FirebaseDatabase */,
				307E9DD02793327600333874 /* FirebaseFirestore */,
			);
			productName = WWOF;
			productReference = 307E9DB027932EB900333874 /* WWOF.app */;
			productType = "com.apple.product-type.application";
		};
/* End PBXNativeTarget section */

/* Begin PBXProject section */
		307E9DA827932EB900333874 /* Project object */ = {
			isa = PBXProject;
			attributes = {
				BuildIndependentTargetsInParallel = 1;
				LastSwiftUpdateCheck = 1320;
				LastUpgradeCheck = 1320;
				TargetAttributes = {
					307E9DAF27932EB900333874 = {
						CreatedOnToolsVersion = 13.2.1;
					};
				};
			};
			buildConfigurationList = 307E9DAB27932EB900333874 /* Build configuration list for PBXProject "WWOF" */;
			compatibilityVersion = "Xcode 13.0";
			developmentRegion = en;
			hasScannedForEncodings = 0;
			knownRegions = (
				en,
				ru,
				Base,
			);
			mainGroup = 307E9DA727932EB900333874;
			packageReferences = (
				307E9DC92793327600333874 /* XCRemoteSwiftPackageReference "firebase-ios-sdk" */,
			);
			productRefGroup = 307E9DB127932EB900333874 /* Products */;
			projectDirPath = "";
			projectRoot = "";
			targets = (
				307E9DAF27932EB900333874 /* WWOF */,
			);
		};
/* End PBXProject section */

/* Begin PBXResourcesBuildPhase section */
		307E9DAE27932EB900333874 /* Resources */ = {
			isa = PBXResourcesBuildPhase;
			buildActionMask = 2147483647;
			files = (
				307E9DD92793F38000333874 /* Localizable.strings in Resources */,
				307E9DC027932EBB00333874 /* LaunchScreen.storyboard in Resources */,
				307E9DFE2794331000333874 /* DogViewCell.xib in Resources */,
				307E9E0F2795598B00333874 /* headerView.xib in Resources */,
				307E9DC82793318600333874 /* GoogleService-Info.plist in Resources */,
				307E9DBD27932EBB00333874 /* Assets.xcassets in Resources */,
				307E9DBB27932EB900333874 /* Main.storyboard in Resources */,
			);
			runOnlyForDeploymentPostprocessing = 0;
		};
/* End PBXResourcesBuildPhase section */

/* Begin PBXSourcesBuildPhase section */
		307E9DAC27932EB900333874 /* Sources */ = {
			isa = PBXSourcesBuildPhase;
			buildActionMask = 2147483647;
			files = (
				302875AF27CCFFEE00D4E467 /* SearchViewController.swift in Sources */,
				308B7B2127B4DDA200FD156C /* RegistrationView.swift in Sources */,
				307E9DE32793FA9700333874 /* ProfileViewController.swift in Sources */,
				307E9E0D2795595800333874 /* headerView.swift in Sources */,
				307E9DD32793E86A00333874 /* RegistrationViewController.swift in Sources */,
				3038CD4427CB957500BA3335 /* ProfileView.swift in Sources */,
				307E9DE5279402E100333874 /* APIManager.swift in Sources */,
				30EA499327B3B1D7005F0AC0 /* SignInView.swift in Sources */,
				3038CD4627CB9B9200BA3335 /* DogSetupView.swift in Sources */,
				307584BB27CF480B008198B6 /* UIImage.swift in Sources */,
				307E9DB827932EB900333874 /* SignInViewController.swift in Sources */,
				307E9DB427932EB900333874 /* AppDelegate.swift in Sources */,
				307584BD27CF4AA9008198B6 /* DogSearchTableViewCell.swift in Sources */,
				302875AD27CCFFD800D4E467 /* SearchView.swift in Sources */,
				307E9DFD2794331000333874 /* DogViewCell.swift in Sources */,
				3063E79E2796F2CD004E0DB1 /* DogSetupViewController.swift in Sources */,
				307E9DED27940B5300333874 /* DogsModel.swift in Sources */,
			);
			runOnlyForDeploymentPostprocessing = 0;
		};
/* End PBXSourcesBuildPhase section */

/* Begin PBXVariantGroup section */
		307E9DB927932EB900333874 /* Main.storyboard */ = {
			isa = PBXVariantGroup;
			children = (
				307E9DDF2793F7EE00333874 /* Base */,
			);
			name = Main.storyboard;
			sourceTree = "<group>";
		};
		307E9DBE27932EBB00333874 /* LaunchScreen.storyboard */ = {
			isa = PBXVariantGroup;
			children = (
				307E9DE02793F7EE00333874 /* Base */,
			);
			name = LaunchScreen.storyboard;
			sourceTree = "<group>";
		};
		307E9DDB2793F38000333874 /* Localizable.strings */ = {
			isa = PBXVariantGroup;
			children = (
				307E9DDA2793F38000333874 /* en */,
				307E9DDC2793F3C800333874 /* ru */,
			);
			name = Localizable.strings;
			sourceTree = "<group>";
		};
/* End PBXVariantGroup section */

/* Begin XCBuildConfiguration section */
		307E9DC227932EBB00333874 /* Debug */ = {
			isa = XCBuildConfiguration;
			buildSettings = {
				ALWAYS_SEARCH_USER_PATHS = NO;
				CLANG_ANALYZER_LOCALIZABILITY_NONLOCALIZED = YES;
				CLANG_ANALYZER_NONNULL = YES;
				CLANG_ANALYZER_NUMBER_OBJECT_CONVERSION = YES_AGGRESSIVE;
				CLANG_CXX_LANGUAGE_STANDARD = "gnu++17";
				CLANG_CXX_LIBRARY = "libc++";
				CLANG_ENABLE_MODULES = YES;
				CLANG_ENABLE_OBJC_ARC = YES;
				CLANG_ENABLE_OBJC_WEAK = YES;
				CLANG_WARN_BLOCK_CAPTURE_AUTORELEASING = YES;
				CLANG_WARN_BOOL_CONVERSION = YES;
				CLANG_WARN_COMMA = YES;
				CLANG_WARN_CONSTANT_CONVERSION = YES;
				CLANG_WARN_DEPRECATED_OBJC_IMPLEMENTATIONS = YES;
				CLANG_WARN_DIRECT_OBJC_ISA_USAGE = YES_ERROR;
				CLANG_WARN_DOCUMENTATION_COMMENTS = YES;
				CLANG_WARN_EMPTY_BODY = YES;
				CLANG_WARN_ENUM_CONVERSION = YES;
				CLANG_WARN_INFINITE_RECURSION = YES;
				CLANG_WARN_INT_CONVERSION = YES;
				CLANG_WARN_NON_LITERAL_NULL_CONVERSION = YES;
				CLANG_WARN_OBJC_IMPLICIT_RETAIN_SELF = YES;
				CLANG_WARN_OBJC_LITERAL_CONVERSION = YES;
				CLANG_WARN_OBJC_ROOT_CLASS = YES_ERROR;
				CLANG_WARN_QUOTED_INCLUDE_IN_FRAMEWORK_HEADER = YES;
				CLANG_WARN_RANGE_LOOP_ANALYSIS = YES;
				CLANG_WARN_STRICT_PROTOTYPES = YES;
				CLANG_WARN_SUSPICIOUS_MOVE = YES;
				CLANG_WARN_UNGUARDED_AVAILABILITY = YES_AGGRESSIVE;
				CLANG_WARN_UNREACHABLE_CODE = YES;
				CLANG_WARN__DUPLICATE_METHOD_MATCH = YES;
				COPY_PHASE_STRIP = NO;
				DEBUG_INFORMATION_FORMAT = dwarf;
				ENABLE_STRICT_OBJC_MSGSEND = YES;
				ENABLE_TESTABILITY = YES;
				GCC_C_LANGUAGE_STANDARD = gnu11;
				GCC_DYNAMIC_NO_PIC = NO;
				GCC_NO_COMMON_BLOCKS = YES;
				GCC_OPTIMIZATION_LEVEL = 0;
				GCC_PREPROCESSOR_DEFINITIONS = (
					"DEBUG=1",
					"$(inherited)",
				);
				GCC_WARN_64_TO_32_BIT_CONVERSION = YES;
				GCC_WARN_ABOUT_RETURN_TYPE = YES_ERROR;
				GCC_WARN_UNDECLARED_SELECTOR = YES;
				GCC_WARN_UNINITIALIZED_AUTOS = YES_AGGRESSIVE;
				GCC_WARN_UNUSED_FUNCTION = YES;
				GCC_WARN_UNUSED_VARIABLE = YES;
				IPHONEOS_DEPLOYMENT_TARGET = 15.2;
				MTL_ENABLE_DEBUG_INFO = INCLUDE_SOURCE;
				MTL_FAST_MATH = YES;
				ONLY_ACTIVE_ARCH = YES;
				SDKROOT = iphoneos;
				SWIFT_ACTIVE_COMPILATION_CONDITIONS = DEBUG;
				SWIFT_OPTIMIZATION_LEVEL = "-Onone";
			};
			name = Debug;
		};
		307E9DC327932EBB00333874 /* Release */ = {
			isa = XCBuildConfiguration;
			buildSettings = {
				ALWAYS_SEARCH_USER_PATHS = NO;
				CLANG_ANALYZER_LOCALIZABILITY_NONLOCALIZED = YES;
				CLANG_ANALYZER_NONNULL = YES;
				CLANG_ANALYZER_NUMBER_OBJECT_CONVERSION = YES_AGGRESSIVE;
				CLANG_CXX_LANGUAGE_STANDARD = "gnu++17";
				CLANG_CXX_LIBRARY = "libc++";
				CLANG_ENABLE_MODULES = YES;
				CLANG_ENABLE_OBJC_ARC = YES;
				CLANG_ENABLE_OBJC_WEAK = YES;
				CLANG_WARN_BLOCK_CAPTURE_AUTORELEASING = YES;
				CLANG_WARN_BOOL_CONVERSION = YES;
				CLANG_WARN_COMMA = YES;
				CLANG_WARN_CONSTANT_CONVERSION = YES;
				CLANG_WARN_DEPRECATED_OBJC_IMPLEMENTATIONS = YES;
				CLANG_WARN_DIRECT_OBJC_ISA_USAGE = YES_ERROR;
				CLANG_WARN_DOCUMENTATION_COMMENTS = YES;
				CLANG_WARN_EMPTY_BODY = YES;
				CLANG_WARN_ENUM_CONVERSION = YES;
				CLANG_WARN_INFINITE_RECURSION = YES;
				CLANG_WARN_INT_CONVERSION = YES;
				CLANG_WARN_NON_LITERAL_NULL_CONVERSION = YES;
				CLANG_WARN_OBJC_IMPLICIT_RETAIN_SELF = YES;
				CLANG_WARN_OBJC_LITERAL_CONVERSION = YES;
				CLANG_WARN_OBJC_ROOT_CLASS = YES_ERROR;
				CLANG_WARN_QUOTED_INCLUDE_IN_FRAMEWORK_HEADER = YES;
				CLANG_WARN_RANGE_LOOP_ANALYSIS = YES;
				CLANG_WARN_STRICT_PROTOTYPES = YES;
				CLANG_WARN_SUSPICIOUS_MOVE = YES;
				CLANG_WARN_UNGUARDED_AVAILABILITY = YES_AGGRESSIVE;
				CLANG_WARN_UNREACHABLE_CODE = YES;
				CLANG_WARN__DUPLICATE_METHOD_MATCH = YES;
				COPY_PHASE_STRIP = NO;
				DEBUG_INFORMATION_FORMAT = "dwarf-with-dsym";
				ENABLE_NS_ASSERTIONS = NO;
				ENABLE_STRICT_OBJC_MSGSEND = YES;
				GCC_C_LANGUAGE_STANDARD = gnu11;
				GCC_NO_COMMON_BLOCKS = YES;
				GCC_WARN_64_TO_32_BIT_CONVERSION = YES;
				GCC_WARN_ABOUT_RETURN_TYPE = YES_ERROR;
				GCC_WARN_UNDECLARED_SELECTOR = YES;
				GCC_WARN_UNINITIALIZED_AUTOS = YES_AGGRESSIVE;
				GCC_WARN_UNUSED_FUNCTION = YES;
				GCC_WARN_UNUSED_VARIABLE = YES;
				IPHONEOS_DEPLOYMENT_TARGET = 15.2;
				MTL_ENABLE_DEBUG_INFO = NO;
				MTL_FAST_MATH = YES;
				SDKROOT = iphoneos;
				SWIFT_COMPILATION_MODE = wholemodule;
				SWIFT_OPTIMIZATION_LEVEL = "-O";
				VALIDATE_PRODUCT = YES;
			};
			name = Release;
		};
		307E9DC527932EBB00333874 /* Debug */ = {
			isa = XCBuildConfiguration;
			buildSettings = {
				ASSETCATALOG_COMPILER_APPICON_NAME = AppIcon;
				ASSETCATALOG_COMPILER_GLOBAL_ACCENT_COLOR_NAME = AccentColor;
				CODE_SIGN_STYLE = Automatic;
				CURRENT_PROJECT_VERSION = 1;
				DEVELOPMENT_TEAM = 9CUB4SJUB5;
				GENERATE_INFOPLIST_FILE = YES;
				INFOPLIST_FILE = WWOF/Resources/Info.plist;
				INFOPLIST_KEY_UIApplicationSupportsIndirectInputEvents = YES;
				INFOPLIST_KEY_UILaunchStoryboardName = LaunchScreen;
				INFOPLIST_KEY_UIMainStoryboardFile = Main;
				INFOPLIST_KEY_UISupportedInterfaceOrientations_iPad = "UIInterfaceOrientationPortrait UIInterfaceOrientationPortraitUpsideDown UIInterfaceOrientationLandscapeLeft UIInterfaceOrientationLandscapeRight";
				INFOPLIST_KEY_UISupportedInterfaceOrientations_iPhone = "UIInterfaceOrientationPortrait UIInterfaceOrientationLandscapeLeft UIInterfaceOrientationLandscapeRight";
				LD_RUNPATH_SEARCH_PATHS = (
					"$(inherited)",
					"@executable_path/Frameworks",
				);
				MARKETING_VERSION = 1.0;
				PRODUCT_BUNDLE_IDENTIFIER = Roman.WWOF;
				PRODUCT_NAME = "$(TARGET_NAME)";
				SWIFT_EMIT_LOC_STRINGS = YES;
				SWIFT_VERSION = 5.0;
				TARGETED_DEVICE_FAMILY = "1,2";
			};
			name = Debug;
		};
		307E9DC627932EBB00333874 /* Release */ = {
			isa = XCBuildConfiguration;
			buildSettings = {
				ASSETCATALOG_COMPILER_APPICON_NAME = AppIcon;
				ASSETCATALOG_COMPILER_GLOBAL_ACCENT_COLOR_NAME = AccentColor;
				CODE_SIGN_STYLE = Automatic;
				CURRENT_PROJECT_VERSION = 1;
				DEVELOPMENT_TEAM = 9CUB4SJUB5;
				GENERATE_INFOPLIST_FILE = YES;
				INFOPLIST_FILE = WWOF/Resources/Info.plist;
				INFOPLIST_KEY_UIApplicationSupportsIndirectInputEvents = YES;
				INFOPLIST_KEY_UILaunchStoryboardName = LaunchScreen;
				INFOPLIST_KEY_UIMainStoryboardFile = Main;
				INFOPLIST_KEY_UISupportedInterfaceOrientations_iPad = "UIInterfaceOrientationPortrait UIInterfaceOrientationPortraitUpsideDown UIInterfaceOrientationLandscapeLeft UIInterfaceOrientationLandscapeRight";
				INFOPLIST_KEY_UISupportedInterfaceOrientations_iPhone = "UIInterfaceOrientationPortrait UIInterfaceOrientationLandscapeLeft UIInterfaceOrientationLandscapeRight";
				LD_RUNPATH_SEARCH_PATHS = (
					"$(inherited)",
					"@executable_path/Frameworks",
				);
				MARKETING_VERSION = 1.0;
				PRODUCT_BUNDLE_IDENTIFIER = Roman.WWOF;
				PRODUCT_NAME = "$(TARGET_NAME)";
				SWIFT_EMIT_LOC_STRINGS = YES;
				SWIFT_VERSION = 5.0;
				TARGETED_DEVICE_FAMILY = "1,2";
			};
			name = Release;
		};
/* End XCBuildConfiguration section */

/* Begin XCConfigurationList section */
		307E9DAB27932EB900333874 /* Build configuration list for PBXProject "WWOF" */ = {
			isa = XCConfigurationList;
			buildConfigurations = (
				307E9DC227932EBB00333874 /* Debug */,
				307E9DC327932EBB00333874 /* Release */,
			);
			defaultConfigurationIsVisible = 0;
			defaultConfigurationName = Release;
		};
		307E9DC427932EBB00333874 /* Build configuration list for PBXNativeTarget "WWOF" */ = {
			isa = XCConfigurationList;
			buildConfigurations = (
				307E9DC527932EBB00333874 /* Debug */,
				307E9DC627932EBB00333874 /* Release */,
			);
			defaultConfigurationIsVisible = 0;
			defaultConfigurationName = Release;
		};
/* End XCConfigurationList section */

/* Begin XCRemoteSwiftPackageReference section */
		307E9DC92793327600333874 /* XCRemoteSwiftPackageReference "firebase-ios-sdk" */ = {
			isa = XCRemoteSwiftPackageReference;
			repositoryURL = "https://github.com/firebase/firebase-ios-sdk";
			requirement = {
				kind = upToNextMajorVersion;
				minimumVersion = 8.0.0;
			};
		};
/* End XCRemoteSwiftPackageReference section */

/* Begin XCSwiftPackageProductDependency section */
		307E9DCA2793327600333874 /* FirebaseAnalytics */ = {
			isa = XCSwiftPackageProductDependency;
			package = 307E9DC92793327600333874 /* XCRemoteSwiftPackageReference "firebase-ios-sdk" */;
			productName = FirebaseAnalytics;
		};
		307E9DCC2793327600333874 /* FirebaseAuth */ = {
			isa = XCSwiftPackageProductDependency;
			package = 307E9DC92793327600333874 /* XCRemoteSwiftPackageReference "firebase-ios-sdk" */;
			productName = FirebaseAuth;
		};
		307E9DCE2793327600333874 /* FirebaseDatabase */ = {
			isa = XCSwiftPackageProductDependency;
			package = 307E9DC92793327600333874 /* XCRemoteSwiftPackageReference "firebase-ios-sdk" */;
			productName = FirebaseDatabase;
		};
		307E9DD02793327600333874 /* FirebaseFirestore */ = {
			isa = XCSwiftPackageProductDependency;
			package = 307E9DC92793327600333874 /* XCRemoteSwiftPackageReference "firebase-ios-sdk" */;
			productName = FirebaseFirestore;
		};
/* End XCSwiftPackageProductDependency section */
	};
	rootObject = 307E9DA827932EB900333874 /* Project object */;
}
